// !$*UTF8*$!
{
	archiveVersion = 1;
	classes = {
	};
	objectVersion = 46;
	objects = {

/* Begin PBXBuildFile section */
		7B759B0D1D7F85AE00B6D35C /* main.cpp in Sources */ = {isa = PBXBuildFile; fileRef = 7B759B0C1D7F85AE00B6D35C /* main.cpp */; };
		7B759B151D7F8A7A00B6D35C /* Card.cpp in Sources */ = {isa = PBXBuildFile; fileRef = 7B759B131D7F8A7A00B6D35C /* Card.cpp */; };
		7B759B181D7F8A8500B6D35C /* Deck.cpp in Sources */ = {isa = PBXBuildFile; fileRef = 7B759B161D7F8A8500B6D35C /* Deck.cpp */; };
/* End PBXBuildFile section */

/* Begin PBXCopyFilesBuildPhase section */
		7B759B071D7F85AE00B6D35C /* CopyFiles */ = {
			isa = PBXCopyFilesBuildPhase;
			buildActionMask = 2147483647;
			dstPath = /usr/share/man/man1/;
			dstSubfolderSpec = 0;
			files = (
			);
			runOnlyForDeploymentPostprocessing = 1;
		};
/* End PBXCopyFilesBuildPhase section */

/* Begin PBXFileReference section */
		7B759B091D7F85AE00B6D35C /* Prog1 - War(Cards) */ = {isa = PBXFileReference; explicitFileType = "compiled.mach-o.executable"; includeInIndex = 0; path = "Prog1 - War(Cards)"; sourceTree = BUILT_PRODUCTS_DIR; };
		7B759B0C1D7F85AE00B6D35C /* main.cpp */ = {isa = PBXFileReference; lastKnownFileType = sourcecode.cpp.cpp; path = main.cpp; sourceTree = "<group>"; };
		7B759B131D7F8A7A00B6D35C /* Card.cpp */ = {isa = PBXFileReference; fileEncoding = 4; lastKnownFileType = sourcecode.cpp.cpp; path = Card.cpp; sourceTree = "<group>"; };
		7B759B141D7F8A7A00B6D35C /* Card.hpp */ = {isa = PBXFileReference; fileEncoding = 4; lastKnownFileType = sourcecode.cpp.h; path = Card.hpp; sourceTree = "<group>"; };
		7B759B161D7F8A8500B6D35C /* Deck.cpp */ = {isa = PBXFileReference; fileEncoding = 4; lastKnownFileType = sourcecode.cpp.cpp; path = Deck.cpp; sourceTree = "<group>"; };
		7B759B171D7F8A8500B6D35C /* Deck.hpp */ = {isa = PBXFileReference; fileEncoding = 4; lastKnownFileType = sourcecode.cpp.h; path = Deck.hpp; sourceTree = "<group>"; };
/* End PBXFileReference section */

/* Begin PBXFrameworksBuildPhase section */
		7B759B061D7F85AE00B6D35C /* Frameworks */ = {
			isa = PBXFrameworksBuildPhase;
			buildActionMask = 2147483647;
			files = (
			);
			runOnlyForDeploymentPostprocessing = 0;
		};
/* End PBXFrameworksBuildPhase section */

/* Begin PBXGroup section */
		7B759B001D7F85AD00B6D35C = {
			isa = PBXGroup;
			children = (
				7B759B0B1D7F85AE00B6D35C /* Prog1 - War(Cards) */,
				7B759B0A1D7F85AE00B6D35C /* Products */,
			);
			sourceTree = "<group>";
		};
		7B759B0A1D7F85AE00B6D35C /* Products */ = {
			isa = PBXGroup;
			children = (
				7B759B091D7F85AE00B6D35C /* Prog1 - War(Cards) */,
			);
			name = Products;
			sourceTree = "<group>";
		};
		7B759B0B1D7F85AE00B6D35C /* Prog1 - War(Cards) */ = {
			isa = PBXGroup;
			children = (
				7B759B0C1D7F85AE00B6D35C /* main.cpp */,
				7B759B161D7F8A8500B6D35C /* Deck.cpp */,
				7B759B171D7F8A8500B6D35C /* Deck.hpp */,
				7B759B131D7F8A7A00B6D35C /* Card.cpp */,
				7B759B141D7F8A7A00B6D35C /* Card.hpp */,
			);
			path = "Prog1 - War(Cards)";
			sourceTree = "<group>";
		};
/* End PBXGroup section */

/* Begin PBXNativeTarget section */
		7B759B081D7F85AE00B6D35C /* Prog1 - War(Cards) */ = {
			isa = PBXNativeTarget;
			buildConfigurationList = 7B759B101D7F85AE00B6D35C /* Build configuration list for PBXNativeTarget "Prog1 - War(Cards)" */;
			buildPhases = (
				7B759B051D7F85AE00B6D35C /* Sources */,
				7B759B061D7F85AE00B6D35C /* Frameworks */,
				7B759B071D7F85AE00B6D35C /* CopyFiles */,
			);
			buildRules = (
			);
			dependencies = (
			);
			name = "Prog1 - War(Cards)";
			productName = "Prog1 - War(Cards)";
			productReference = 7B759B091D7F85AE00B6D35C /* Prog1 - War(Cards) */;
			productType = "com.apple.product-type.tool";
		};
/* End PBXNativeTarget section */

/* Begin PBXProject section */
		7B759B011D7F85AD00B6D35C /* Project object */ = {
			isa = PBXProject;
			attributes = {
				LastUpgradeCheck = 0730;
				ORGANIZATIONNAME = "Kyle Pamintuan";
				TargetAttributes = {
					7B759B081D7F85AE00B6D35C = {
						CreatedOnToolsVersion = 7.3.1;
					};
				};
			};
			buildConfigurationList = 7B759B041D7F85AD00B6D35C /* Build configuration list for PBXProject "Prog1 - War(Cards)" */;
			compatibilityVersion = "Xcode 3.2";
			developmentRegion = English;
			hasScannedForEncodings = 0;
			knownRegions = (
				en,
			);
			mainGroup = 7B759B001D7F85AD00B6D35C;
			productRefGroup = 7B759B0A1D7F85AE00B6D35C /* Products */;
			projectDirPath = "";
			projectRoot = "";
			targets = (
				7B759B081D7F85AE00B6D35C /* Prog1 - War(Cards) */,
			);
		};
/* End PBXProject section */

/* Begin PBXSourcesBuildPhase section */
		7B759B051D7F85AE00B6D35C /* Sources */ = {
			isa = PBXSourcesBuildPhase;
			buildActionMask = 2147483647;
			files = (
				7B759B181D7F8A8500B6D35C /* Deck.cpp in Sources */,
				7B759B0D1D7F85AE00B6D35C /* main.cpp in Sources */,
				7B759B151D7F8A7A00B6D35C /* Card.cpp in Sources */,
			);
			runOnlyForDeploymentPostprocessing = 0;
		};
/* End PBXSourcesBuildPhase section */

/* Begin XCBuildConfiguration section */
		7B759B0E1D7F85AE00B6D35C /* Debug */ = {
			isa = XCBuildConfiguration;
			buildSettings = {
				ALWAYS_SEARCH_USER_PATHS = NO;
				CLANG_ANALYZER_NONNULL = YES;
				CLANG_CXX_LANGUAGE_STANDARD = "gnu++0x";
				CLANG_CXX_LIBRARY = "libc++";
				CLANG_ENABLE_MODULES = YES;
				CLANG_ENABLE_OBJC_ARC = YES;
				CLANG_WARN_BOOL_CONVERSION = YES;
				CLANG_WARN_CONSTANT_CONVERSION = YES;
				CLANG_WARN_DIRECT_OBJC_ISA_USAGE = YES_ERROR;
				CLANG_WARN_EMPTY_BODY = YES;
				CLANG_WARN_ENUM_CONVERSION = YES;
				CLANG_WARN_INT_CONVERSION = YES;
				CLANG_WARN_OBJC_ROOT_CLASS = YES_ERROR;
				CLANG_WARN_UNREACHABLE_CODE = YES;
				CLANG_WARN__DUPLICATE_METHOD_MATCH = YES;
				CODE_SIGN_IDENTITY = "-";
				COPY_PHASE_STRIP = NO;
				DEBUG_INFORMATION_FORMAT = dwarf;
				ENABLE_STRICT_OBJC_MSGSEND = YES;
				ENABLE_TESTABILITY = YES;
				GCC_C_LANGUAGE_STANDARD = gnu99;
				GCC_DYNAMIC_NO_PIC = NO;
				GCC_NO_COMMON_BLOCKS = YES;
				GCC_OPTIMIZATION_LEVEL = 0;
				GCC_PREPROCESSOR_DEFINITIONS = (
					"DEBUG=1",
					"$(inherited)",
				);
				GCC_WARN_64_TO_32_BIT_CONVERSION = YES;
				GCC_WARN_ABOUT_RETURN_TYPE = YES_ERROR;
				GCC_WARN_UNDECLARED_SELECTOR = YES;
				GCC_WARN_UNINITIALIZED_AUTOS = YES_AGGRESSIVE;
				GCC_WARN_UNUSED_FUNCTION = YES;
				GCC_WARN_UNUSED_VARIABLE = YES;
				MACOSX_DEPLOYMENT_TARGET = 10.11;
				MTL_ENABLE_DEBUG_INFO = YES;
				ONLY_ACTIVE_ARCH = YES;
				SDKROOT = macosx;
			};
			name = Debug;
		};
		7B759B0F1D7F85AE00B6D35C /* Release */ = {
			isa = XCBuildConfiguration;
			buildSettings = {
				ALWAYS_SEARCH_USER_PATHS = NO;
				CLANG_ANALYZER_NONNULL = YES;
				CLANG_CXX_LANGUAGE_STANDARD = "gnu++0x";
				CLANG_CXX_LIBRARY = "libc++";
				CLANG_ENABLE_MODULES = YES;
				CLANG_ENABLE_OBJC_ARC = YES;
				CLANG_WARN_BOOL_CONVERSION = YES;
				CLANG_WARN_CONSTANT_CONVERSION = YES;
				CLANG_WARN_DIRECT_OBJC_ISA_USAGE = YES_ERROR;
				CLANG_WARN_EMPTY_BODY = YES;
				CLANG_WARN_ENUM_CONVERSION = YES;
				CLANG_WARN_INT_CONVERSION = YES;
				CLANG_WARN_OBJC_ROOT_CLASS = YES_ERROR;
				CLANG_WARN_UNREACHABLE_CODE = YES;
				CLANG_WARN__DUPLICATE_METHOD_MATCH = YES;
				CODE_SIGN_IDENTITY = "-";
				COPY_PHASE_STRIP = NO;
				DEBUG_INFORMATION_FORMAT = "dwarf-with-dsym";
				ENABLE_NS_ASSERTIONS = NO;
				ENABLE_STRICT_OBJC_MSGSEND = YES;
				GCC_C_LANGUAGE_STANDARD = gnu99;
				GCC_NO_COMMON_BLOCKS = YES;
				GCC_WARN_64_TO_32_BIT_CONVERSION = YES;
				GCC_WARN_ABOUT_RETURN_TYPE = YES_ERROR;
				GCC_WARN_UNDECLARED_SELECTOR = YES;
				GCC_WARN_UNINITIALIZED_AUTOS = YES_AGGRESSIVE;
				GCC_WARN_UNUSED_FUNCTION = YES;
				GCC_WARN_UNUSED_VARIABLE = YES;
				MACOSX_DEPLOYMENT_TARGET = 10.11;
				MTL_ENABLE_DEBUG_INFO = NO;
				SDKROOT = macosx;
			};
			name = Release;
		};
		7B759B111D7F85AE00B6D35C /* Debug */ = {
			isa = XCBuildConfiguration;
			buildSettings = {
				PRODUCT_NAME = "$(TARGET_NAME)";
			};
			name = Debug;
		};
		7B759B121D7F85AE00B6D35C /* Release */ = {
			isa = XCBuildConfiguration;
			buildSettings = {
				PRODUCT_NAME = "$(TARGET_NAME)";
			};
			name = Release;
		};
/* End XCBuildConfiguration section */

/* Begin XCConfigurationList section */
		7B759B041D7F85AD00B6D35C /* Build configuration list for PBXProject "Prog1 - War(Cards)" */ = {
			isa = XCConfigurationList;
			buildConfigurations = (
				7B759B0E1D7F85AE00B6D35C /* Debug */,
				7B759B0F1D7F85AE00B6D35C /* Release */,
			);
			defaultConfigurationIsVisible = 0;
			defaultConfigurationName = Release;
		};
		7B759B101D7F85AE00B6D35C /* Build configuration list for PBXNativeTarget "Prog1 - War(Cards)" */ = {
			isa = XCConfigurationList;
			buildConfigurations = (
				7B759B111D7F85AE00B6D35C /* Debug */,
				7B759B121D7F85AE00B6D35C /* Release */,
			);
			defaultConfigurationIsVisible = 0;
		};
/* End XCConfigurationList section */
	};
	rootObject = 7B759B011D7F85AD00B6D35C /* Project object */;
}
